
Microsoft Visual Studio Solution File, Format Version 12.00
# Visual Studio Version 17
VisualStudioVersion = 17.6.33815.320
MinimumVisualStudioVersion = 10.0.40219.1
Project("{FAE04EC0-301F-11D3-BF4B-00C04F79EFBC}") = "DigitalClock", "DigitalClock\DigitalClock.csproj", "{78477F18-17E5-4E1D-8DD5-0818B5826EEF}"
EndProject
Global
	GlobalSection(SolutionConfigurationPlatforms) = preSolution
		Debug|Any CPU = Debug|Any CPU
		Release|Any CPU = Release|Any CPU
	EndGlobalSection
	GlobalSection(ProjectConfigurationPlatforms) = postSolution
		{78477F18-17E5-4E1D-8DD5-0818B5826EEF}.Debug|Any CPU.ActiveCfg = Debug|Any CPU
		{78477F18-17E5-4E1D-8DD5-0818B5826EEF}.Debug|Any CPU.Build.0 = Debug|Any CPU
		{78477F18-17E5-4E1D-8DD5-0818B5826EEF}.Release|Any CPU.ActiveCfg = Release|Any CPU
		{78477F18-17E5-4E1D-8DD5-0818B5826EEF}.Release|Any CPU.Build.0 = Release|Any CPU
	EndGlobalSection
	GlobalSection(SolutionProperties) = preSolution
		HideSolutionNode = FALSE
	EndGlobalSection
	GlobalSection(ExtensibilityGlobals) = postSolution
		SolutionGuid = {964421D6-6358-46E4-AD01-E1145DCE4642}
	EndGlobalSection
EndGlobal
