
Microsoft Visual Studio Solution File, Format Version 12.00
# Visual Studio Version 17
VisualStudioVersion = 17.6.33815.320
MinimumVisualStudioVersion = 10.0.40219.1
Project("{FAE04EC0-301F-11D3-BF4B-00C04F79EFBC}") = "MVC_CRUD", "MVC_CRUD.csproj", "{40AC54D2-669A-4E87-B1F9-8F766F45CBDC}"
EndProject
Global
	GlobalSection(SolutionConfigurationPlatforms) = preSolution
		Debug|Any CPU = Debug|Any CPU
		Release|Any CPU = Release|Any CPU
	EndGlobalSection
	GlobalSection(ProjectConfigurationPlatforms) = postSolution
		{40AC54D2-669A-4E87-B1F9-8F766F45CBDC}.Debug|Any CPU.ActiveCfg = Debug|Any CPU
		{40AC54D2-669A-4E87-B1F9-8F766F45CBDC}.Debug|Any CPU.Build.0 = Debug|Any CPU
		{40AC54D2-669A-4E87-B1F9-8F766F45CBDC}.Release|Any CPU.ActiveCfg = Release|Any CPU
		{40AC54D2-669A-4E87-B1F9-8F766F45CBDC}.Release|Any CPU.Build.0 = Release|Any CPU
	EndGlobalSection
	GlobalSection(SolutionProperties) = preSolution
		HideSolutionNode = FALSE
	EndGlobalSection
	GlobalSection(ExtensibilityGlobals) = postSolution
		SolutionGuid = {6DA60A02-DF35-4336-B5AF-70CB63FDCB41}
	EndGlobalSection
EndGlobal
